
Microsoft Visual Studio Solution File, Format Version 12.00
# Visual Studio Version 16
VisualStudioVersion = 16.0.29102.190
MinimumVisualStudioVersion = 10.0.40219.1
Project("{FAE04EC0-301F-11D3-BF4B-00C04F79EFBC}") = "SqlBulkCopyTool", "SqlBulkCopyTool\SqlBulkCopyTool.csproj", "{3D944390-802C-4AF9-A0CE-6DB64F8BE5BC}"
EndProject
Global
	GlobalSection(SolutionConfigurationPlatforms) = preSolution
		Debug|Any CPU = Debug|Any CPU
		Release|Any CPU = Release|Any CPU
	EndGlobalSection
	GlobalSection(ProjectConfigurationPlatforms) = postSolution
		{3D944390-802C-4AF9-A0CE-6DB64F8BE5BC}.Debug|Any CPU.ActiveCfg = Debug|Any CPU
		{3D944390-802C-4AF9-A0CE-6DB64F8BE5BC}.Debug|Any CPU.Build.0 = Debug|Any CPU
		{3D944390-802C-4AF9-A0CE-6DB64F8BE5BC}.Release|Any CPU.ActiveCfg = Release|Any CPU
		{3D944390-802C-4AF9-A0CE-6DB64F8BE5BC}.Release|Any CPU.Build.0 = Release|Any CPU
	EndGlobalSection
	GlobalSection(SolutionProperties) = preSolution
		HideSolutionNode = FALSE
	EndGlobalSection
	GlobalSection(ExtensibilityGlobals) = postSolution
		SolutionGuid = {8DD0B3FC-F25D-45E0-AAA6-5DA5825688EF}
	EndGlobalSection
EndGlobal
